
Microsoft Visual Studio Solution File, Format Version 12.00
# Visual Studio Version 16
VisualStudioVersion = 16.0.28809.33
MinimumVisualStudioVersion = 10.0.40219.1
Project("{9A19103F-16F7-4668-BE54-9A1E7A4F7556}") = "BlazingComponents.Demo", "Demo\BlazingComponents.Demo.csproj", "{99E137EA-82CE-476D-BEE8-B38C8DF66756}"
EndProject
Project("{9A19103F-16F7-4668-BE54-9A1E7A4F7556}") = "BlazingComponents.Authentication", "Authentication\BlazingComponents.Authentication.csproj", "{18846AAA-8C7E-4A69-B9E6-944D3D6DAB93}"
EndProject
Project("{9A19103F-16F7-4668-BE54-9A1E7A4F7556}") = "BlazingComponents.Lib", "Components\BlazingComponents.Lib.csproj", "{BFBD1410-9412-48F1-825E-6E658CCAD70B}"
EndProject
Global
	GlobalSection(SolutionConfigurationPlatforms) = preSolution
		Debug|Any CPU = Debug|Any CPU
		Release|Any CPU = Release|Any CPU
	EndGlobalSection
	GlobalSection(ProjectConfigurationPlatforms) = postSolution
		{99E137EA-82CE-476D-BEE8-B38C8DF66756}.Debug|Any CPU.ActiveCfg = Debug|Any CPU
		{99E137EA-82CE-476D-BEE8-B38C8DF66756}.Debug|Any CPU.Build.0 = Debug|Any CPU
		{99E137EA-82CE-476D-BEE8-B38C8DF66756}.Release|Any CPU.ActiveCfg = Release|Any CPU
		{99E137EA-82CE-476D-BEE8-B38C8DF66756}.Release|Any CPU.Build.0 = Release|Any CPU
		{18846AAA-8C7E-4A69-B9E6-944D3D6DAB93}.Debug|Any CPU.ActiveCfg = Debug|Any CPU
		{18846AAA-8C7E-4A69-B9E6-944D3D6DAB93}.Debug|Any CPU.Build.0 = Debug|Any CPU
		{18846AAA-8C7E-4A69-B9E6-944D3D6DAB93}.Release|Any CPU.ActiveCfg = Release|Any CPU
		{18846AAA-8C7E-4A69-B9E6-944D3D6DAB93}.Release|Any CPU.Build.0 = Release|Any CPU
		{BFBD1410-9412-48F1-825E-6E658CCAD70B}.Debug|Any CPU.ActiveCfg = Debug|Any CPU
		{BFBD1410-9412-48F1-825E-6E658CCAD70B}.Debug|Any CPU.Build.0 = Debug|Any CPU
		{BFBD1410-9412-48F1-825E-6E658CCAD70B}.Release|Any CPU.ActiveCfg = Release|Any CPU
		{BFBD1410-9412-48F1-825E-6E658CCAD70B}.Release|Any CPU.Build.0 = Release|Any CPU
	EndGlobalSection
	GlobalSection(SolutionProperties) = preSolution
		HideSolutionNode = FALSE
	EndGlobalSection
	GlobalSection(ExtensibilityGlobals) = postSolution
		SolutionGuid = {A1A69E3A-9E9C-44F2-B865-B40FC4CB1D11}
	EndGlobalSection
EndGlobal
