
Microsoft Visual Studio Solution File, Format Version 12.00
# Visual Studio Version 16
VisualStudioVersion = 16.0.28809.33
MinimumVisualStudioVersion = 10.0.40219.1
Project("{9A19103F-16F7-4668-BE54-9A1E7A4F7556}") = "Cloud-In-A-Box", "Cloud-In-A-Box\Cloud-In-A-Box.csproj", "{99E137EA-82CE-476D-BEE8-B38C8DF66756}"
EndProject
Project("{9A19103F-16F7-4668-BE54-9A1E7A4F7556}") = "Cloud-In-A-Box.ComponentLib", "Components\Cloud-In-A-Box.ComponentLib.csproj", "{2A149EA9-AAD6-4FAC-8A97-91877B80FC79}"
EndProject
Global
	GlobalSection(SolutionConfigurationPlatforms) = preSolution
		Debug|Any CPU = Debug|Any CPU
		Release|Any CPU = Release|Any CPU
	EndGlobalSection
	GlobalSection(ProjectConfigurationPlatforms) = postSolution
		{99E137EA-82CE-476D-BEE8-B38C8DF66756}.Debug|Any CPU.ActiveCfg = Debug|Any CPU
		{99E137EA-82CE-476D-BEE8-B38C8DF66756}.Debug|Any CPU.Build.0 = Debug|Any CPU
		{99E137EA-82CE-476D-BEE8-B38C8DF66756}.Release|Any CPU.ActiveCfg = Release|Any CPU
		{99E137EA-82CE-476D-BEE8-B38C8DF66756}.Release|Any CPU.Build.0 = Release|Any CPU
		{2A149EA9-AAD6-4FAC-8A97-91877B80FC79}.Debug|Any CPU.ActiveCfg = Debug|Any CPU
		{2A149EA9-AAD6-4FAC-8A97-91877B80FC79}.Debug|Any CPU.Build.0 = Debug|Any CPU
		{2A149EA9-AAD6-4FAC-8A97-91877B80FC79}.Release|Any CPU.ActiveCfg = Release|Any CPU
		{2A149EA9-AAD6-4FAC-8A97-91877B80FC79}.Release|Any CPU.Build.0 = Release|Any CPU
	EndGlobalSection
	GlobalSection(SolutionProperties) = preSolution
		HideSolutionNode = FALSE
	EndGlobalSection
	GlobalSection(ExtensibilityGlobals) = postSolution
		SolutionGuid = {A1A69E3A-9E9C-44F2-B865-B40FC4CB1D11}
	EndGlobalSection
EndGlobal
